<?xml version="1.0" encoding="utf-8"?>
<Project ToolsVersion="4.0" xmlns="http://schemas.microsoft.com/developer/msbuild/2003">
  <ItemGroup>
    <Filter Include="Header Files">
      <UniqueIdentifier>{93995380-89BD-4b04-88EB-625FBE52EBFB}</UniqueIdentifier>
      <Extensions>h;hpp;hxx;hm;inl;inc;xsd</Extensions>
    </Filter>
    <Filter Include="Resource Files">
      <UniqueIdentifier>{67DA6AB6-F800-4c08-8B7A-83BB121AAD01}</UniqueIdentifier>
      <Extensions>rc;ico;cur;bmp;dlg;rc2;rct;bin;rgs;gif;jpg;jpeg;jpe;resx;tiff;tif;png;wav</Extensions>
    </Filter>
    <Filter Include="Resource Files\Icons">
      <UniqueIdentifier>{6ab61b06-be46-429f-8256-a8fbac641f1d}</UniqueIdentifier>
    </Filter>
    <Filter Include="Resource Files\Bitmaps">
      <UniqueIdentifier>{76814649-0e47-44b4-bef7-6bac7383b81b}</UniqueIdentifier>
    </Filter>
    <Filter Include="Resource Files\Data Files">
      <UniqueIdentifier>{7ac203ec-cb9a-4134-a26a-7b31df8d225d}</UniqueIdentifier>
    </Filter>
  </ItemGroup>
  <ItemGroup>
    <ClInclude Include="BearScript Res.h">
      <Filter>Header Files</Filter>
    </ClInclude>
    <ClInclude Include="resource.h">
      <Filter>Header Files</Filter>
    </ClInclude>
  </ItemGroup>
  <ItemGroup>
    <None Include="English.rc2">
      <Filter>Resource Files</Filter>
    </None>
    <None Include="German.rc2">
      <Filter>Resource Files</Filter>
    </None>
  </ItemGroup>
  <ItemGroup>
    <ResourceCompile Include="Resources.rc">
      <Filter>Resource Files</Filter>
    </ResourceCompile>
  </ItemGroup>
  <ItemGroup>
    <Image Include="Icons\Colour - Black.ico">
      <Filter>Resource Files\Icons</Filter>
    </Image>
    <Image Include="Icons\Colour - Blue.ico">
      <Filter>Resource Files\Icons</Filter>
    </Image>
    <Image Include="Icons\Colour - Cyan.ico">
      <Filter>Resource Files\Icons</Filter>
    </Image>
    <Image Include="Icons\Colour - Dark Green.ico">
      <Filter>Resource Files\Icons</Filter>
    </Image>
    <Image Include="Icons\Colour - Dark Grey.ico">
      <Filter>Resource Files\Icons</Filter>
    </Image>
    <Image Include="Icons\Colour - Dark Orange.ico">
      <Filter>Resource Files\Icons</Filter>
    </Image>
    <Image Include="Icons\Colour - Dark Red.ico">
      <Filter>Resource Files\Icons</Filter>
    </Image>
    <Image Include="Icons\Colour - Dark Yellow.ico">
      <Filter>Resource Files\Icons</Filter>
    </Image>
    <Image Include="Icons\Colour - Green.ico">
      <Filter>Resource Files\Icons</Filter>
    </Image>
    <Image Include="Icons\Colour - Grey.ico">
      <Filter>Resource Files\Icons</Filter>
    </Image>
    <Image Include="Icons\Colour - Orange.ico">
      <Filter>Resource Files\Icons</Filter>
    </Image>
    <Image Include="Icons\Colour - Pink.ico">
      <Filter>Resource Files\Icons</Filter>
    </Image>
    <Image Include="Icons\Colour - Purple.ico">
      <Filter>Resource Files\Icons</Filter>
    </Image>
    <Image Include="Icons\Colour - Red.ico">
      <Filter>Resource Files\Icons</Filter>
    </Image>
    <Image Include="Icons\Colour - White.ico">
      <Filter>Resource Files\Icons</Filter>
    </Image>
    <Image Include="Icons\Colour - Yellow.ico">
      <Filter>Resource Files\Icons</Filter>
    </Image>
    <Image Include="Icons\General - Add.ico">
      <Filter>Resource Files\Icons</Filter>
    </Image>
    <Image Include="Icons\General - All Files.ico">
      <Filter>Resource Files\Icons</Filter>
    </Image>
    <Image Include="Icons\General - Argument.ico">
      <Filter>Resource Files\Icons</Filter>
    </Image>
    <Image Include="Icons\General - Error.ico">
      <Filter>Resource Files\Icons</Filter>
    </Image>
    <Image Include="Icons\General - Folder.ico">
      <Filter>Resource Files\Icons</Filter>
    </Image>
    <Image Include="Icons\General - Function.ico">
      <Filter>Resource Files\Icons</Filter>
    </Image>
    <Image Include="Icons\General - Information.ico">
      <Filter>Resource Files\Icons</Filter>
    </Image>
    <Image Include="Icons\General - Invalid.ico">
      <Filter>Resource Files\Icons</Filter>
    </Image>
    <Image Include="Icons\General - Language Folder.ico">
      <Filter>Resource Files\Icons</Filter>
    </Image>
    <Image Include="Icons\General - Less Detail.ico">
      <Filter>Resource Files\Icons</Filter>
    </Image>
    <Image Include="Icons\General - Mission Folder.ico">
      <Filter>Resource Files\Icons</Filter>
    </Image>
    <Image Include="Icons\General - Next.ico">
      <Filter>Resource Files\Icons</Filter>
    </Image>
    <Image Include="Icons\General - Not Voiced.ico">
      <Filter>Resource Files\Icons</Filter>
    </Image>
    <Image Include="Icons\General - One Column.ico">
      <Filter>Resource Files\Icons</Filter>
    </Image>
    <Image Include="Icons\General - Parent Folder.ico">
      <Filter>Resource Files\Icons</Filter>
    </Image>
    <Image Include="Icons\General - Pause.ico">
      <Filter>Resource Files\Icons</Filter>
    </Image>
    <Image Include="Icons\General - Play.ico">
      <Filter>Resource Files\Icons</Filter>
    </Image>
    <Image Include="Icons\General - Question.ico">
      <Filter>Resource Files\Icons</Filter>
    </Image>
    <Image Include="Icons\General - Refresh.ico">
      <Filter>Resource Files\Icons</Filter>
    </Image>
    <Image Include="Icons\General - Remove.ico">
      <Filter>Resource Files\Icons</Filter>
    </Image>
    <Image Include="Icons\General - Script Caller.ico">
      <Filter>Resource Files\Icons</Filter>
    </Image>
    <Image Include="Icons\General - Script Folder.ico">
      <Filter>Resource Files\Icons</Filter>
    </Image>
    <Image Include="Icons\General - Signed.ico">
      <Filter>Resource Files\Icons</Filter>
    </Image>
    <Image Include="Icons\General - Sound Effect.ico">
      <Filter>Resource Files\Icons</Filter>
    </Image>
    <Image Include="Icons\General - Syntax.ico">
      <Filter>Resource Files\Icons</Filter>
    </Image>
    <Image Include="Icons\General - Three Columns.ico">
      <Filter>Resource Files\Icons</Filter>
    </Image>
    <Image Include="Icons\General - Two Columns.ico">
      <Filter>Resource Files\Icons</Filter>
    </Image>
    <Image Include="Icons\General - Valid.ico">
      <Filter>Resource Files\Icons</Filter>
    </Image>
    <Image Include="Icons\General - Variable Dependency.ico">
      <Filter>Resource Files\Icons</Filter>
    </Image>
    <Image Include="Icons\General - Variable.ico">
      <Filter>Resource Files\Icons</Filter>
    </Image>
    <Image Include="Icons\General - Video clip.ico">
      <Filter>Resource Files\Icons</Filter>
    </Image>
    <Image Include="Icons\General - Voiced.ico">
      <Filter>Resource Files\Icons</Filter>
    </Image>
    <Image Include="Icons\General - Warning.ico">
      <Filter>Resource Files\Icons</Filter>
    </Image>
    <Image Include="Icons\Language - English.ico">
      <Filter>Resource Files\Icons</Filter>
    </Image>
    <Image Include="Icons\Language - French.ico">
      <Filter>Resource Files\Icons</Filter>
    </Image>
    <Image Include="Icons\Language - German.ico">
      <Filter>Resource Files\Icons</Filter>
    </Image>
    <Image Include="Icons\Language - Italian.ico">
      <Filter>Resource Files\Icons</Filter>
    </Image>
    <Image Include="Icons\Language - Polish.ico">
      <Filter>Resource Files\Icons</Filter>
    </Image>
    <Image Include="Icons\Language - Russian.ico">
      <Filter>Resource Files\Icons</Filter>
    </Image>
    <Image Include="Icons\Language - Spanish.ico">
      <Filter>Resource Files\Icons</Filter>
    </Image>
    <Image Include="Icons\Menu - About.ico">
      <Filter>Resource Files\Icons</Filter>
    </Image>
    <Image Include="Icons\Menu - Add Variable.ico">
      <Filter>Resource Files\Icons</Filter>
    </Image>
    <Image Include="Icons\Menu - Appearance.ico">
      <Filter>Resource Files\Icons</Filter>
    </Image>
    <Image Include="Icons\Menu - Attachment.ico">
      <Filter>Resource Files\Icons</Filter>
    </Image>
    <Image Include="Icons\Menu - Close All Documents.ico">
      <Filter>Resource Files\Icons</Filter>
    </Image>
    <Image Include="Icons\Menu - Close Document.ico">
      <Filter>Resource Files\Icons</Filter>
    </Image>
    <Image Include="Icons\Menu - Close Other Documents.ico">
      <Filter>Resource Files\Icons</Filter>
    </Image>
    <Image Include="Icons\Menu - Close Project.ico">
      <Filter>Resource Files\Icons</Filter>
    </Image>
    <Image Include="Icons\Menu - Command List.ico">
      <Filter>Resource Files\Icons</Filter>
    </Image>
    <Image Include="Icons\Menu - Comment.ico">
      <Filter>Resource Files\Icons</Filter>
    </Image>
    <Image Include="Icons\Menu - Copy.ico">
      <Filter>Resource Files\Icons</Filter>
    </Image>
    <Image Include="Icons\Menu - Cut.ico">
      <Filter>Resource Files\Icons</Filter>
    </Image>
    <Image Include="Icons\Menu - Delete Page.ico">
      <Filter>Resource Files\Icons</Filter>
    </Image>
    <Image Include="Icons\Menu - Delete.ico">
      <Filter>Resource Files\Icons</Filter>
    </Image>
    <Image Include="Icons\Menu - Edit Formatting.ico">
      <Filter>Resource Files\Icons</Filter>
    </Image>
    <Image Include="Icons\Menu - Edit Page.ico">
      <Filter>Resource Files\Icons</Filter>
    </Image>
    <Image Include="Icons\Menu - Find Text.ico">
      <Filter>Resource Files\Icons</Filter>
    </Image>
    <Image Include="Icons\Menu - Find.ico">
      <Filter>Resource Files\Icons</Filter>
    </Image>
    <Image Include="Icons\Menu - Formatting Error.ico">
      <Filter>Resource Files\Icons</Filter>
    </Image>
    <Image Include="Icons\Menu - Forums.ico">
      <Filter>Resource Files\Icons</Filter>
    </Image>
    <Image Include="Icons\Menu - Game Object.ico">
      <Filter>Resource Files\Icons</Filter>
    </Image>
    <Image Include="Icons\Menu - Help.ico">
      <Filter>Resource Files\Icons</Filter>
    </Image>
    <Image Include="Icons\Menu - Insert Page.ico">
      <Filter>Resource Files\Icons</Filter>
    </Image>
    <Image Include="Icons\Menu - Insert Project File.ico">
      <Filter>Resource Files\Icons</Filter>
    </Image>
    <Image Include="Icons\Menu - Insert Result.ico">
      <Filter>Resource Files\Icons</Filter>
    </Image>
    <Image Include="Icons\Menu - Missing.ico">
      <Filter>Resource Files\Icons</Filter>
    </Image>
    <Image Include="Icons\Menu - New File.ico">
      <Filter>Resource Files\Icons</Filter>
    </Image>
    <Image Include="Icons\Menu - New Language File.ico">
      <Filter>Resource Files\Icons</Filter>
    </Image>
    <Image Include="Icons\Menu - New Mission File.ico">
      <Filter>Resource Files\Icons</Filter>
    </Image>
    <Image Include="Icons\Menu - New Project File.ico">
      <Filter>Resource Files\Icons</Filter>
    </Image>
    <Image Include="Icons\Menu - New Script File.ico">
      <Filter>Resource Files\Icons</Filter>
    </Image>
    <Image Include="Icons\Menu - Open File.ico">
      <Filter>Resource Files\Icons</Filter>
    </Image>
    <Image Include="Icons\Menu - Open Samples.ico">
      <Filter>Resource Files\Icons</Filter>
    </Image>
    <Image Include="Icons\Menu - Open VFS.ico">
      <Filter>Resource Files\Icons</Filter>
    </Image>
    <Image Include="Icons\Menu - Output Window.ico">
      <Filter>Resource Files\Icons</Filter>
    </Image>
    <Image Include="Icons\Menu - Paste.ico">
      <Filter>Resource Files\Icons</Filter>
    </Image>
    <Image Include="Icons\Menu - Preferences.ico">
      <Filter>Resource Files\Icons</Filter>
    </Image>
    <Image Include="Icons\Menu - Project Explorer.ico">
      <Filter>Resource Files\Icons</Filter>
    </Image>
    <Image Include="Icons\Menu - Properties.ico">
      <Filter>Resource Files\Icons</Filter>
    </Image>
    <Image Include="Icons\Menu - Quit.ico">
      <Filter>Resource Files\Icons</Filter>
    </Image>
    <Image Include="Icons\Menu - Redo.ico">
      <Filter>Resource Files\Icons</Filter>
    </Image>
    <Image Include="Icons\Menu - Remove Project File.ico">
      <Filter>Resource Files\Icons</Filter>
    </Image>
    <Image Include="Icons\Menu - Remove Variable.ico">
      <Filter>Resource Files\Icons</Filter>
    </Image>
    <Image Include="Icons\Menu - Save All Files.ico">
      <Filter>Resource Files\Icons</Filter>
    </Image>
    <Image Include="Icons\Menu - Save File As.ico">
      <Filter>Resource Files\Icons</Filter>
    </Image>
    <Image Include="Icons\Menu - Save File.ico">
      <Filter>Resource Files\Icons</Filter>
    </Image>
    <Image Include="Icons\Menu - Save Project.ico">
      <Filter>Resource Files\Icons</Filter>
    </Image>
    <Image Include="Icons\Menu - Script Dependency.ico">
      <Filter>Resource Files\Icons</Filter>
    </Image>
    <Image Include="Icons\Menu - Script Object.ico">
      <Filter>Resource Files\Icons</Filter>
    </Image>
    <Image Include="Icons\Menu - Select All.ico">
      <Filter>Resource Files\Icons</Filter>
    </Image>
    <Image Include="Icons\Menu - Submit Report.ico">
      <Filter>Resource Files\Icons</Filter>
    </Image>
    <Image Include="Icons\Menu - Tutorial.ico">
      <Filter>Resource Files\Icons</Filter>
    </Image>
    <Image Include="Icons\Menu - Undo.ico">
      <Filter>Resource Files\Icons</Filter>
    </Image>
    <Image Include="Icons\Menu - Update.ico">
      <Filter>Resource Files\Icons</Filter>
    </Image>
    <Image Include="Icons\Overlay - Description.ico">
      <Filter>Resource Files\Icons</Filter>
    </Image>
    <Image Include="Icons\Overlay - Invalid.ico">
      <Filter>Resource Files\Icons</Filter>
    </Image>
    <Image Include="Icons\Program - Doubleshadow.ico">
      <Filter>Resource Files\Icons</Filter>
    </Image>
    <Image Include="Icons\Program - ExScriptor.ico">
      <Filter>Resource Files\Icons</Filter>
    </Image>
    <Image Include="Icons\Program - Visual Studio.ico">
      <Filter>Resource Files\Icons</Filter>
    </Image>
    <Image Include="Icons\Program - X-Studio.ico">
      <Filter>Resource Files\Icons</Filter>
    </Image>
    <Image Include="Icons\Program - X2 - The Threat.ico">
      <Filter>Resource Files\Icons</Filter>
    </Image>
    <Image Include="Icons\Program - X3 - Albion Prelude.ico">
      <Filter>Resource Files\Icons</Filter>
    </Image>
    <Image Include="Icons\Program - X3 - Reunion.ico">
      <Filter>Resource Files\Icons</Filter>
    </Image>
    <Image Include="Icons\Program - X3 - Terran Conflict (new).ico">
      <Filter>Resource Files\Icons</Filter>
    </Image>
    <Image Include="Icons\Validation - Albion Prelude.ico">
      <Filter>Resource Files\Icons</Filter>
    </Image>
    <Image Include="Icons\Validation - Reunion.ico">
      <Filter>Resource Files\Icons</Filter>
    </Image>
    <Image Include="Icons\Validation - Terran Conflict.ico">
      <Filter>Resource Files\Icons</Filter>
    </Image>
    <Image Include="Icons\Validation - Threat.ico">
      <Filter>Resource Files\Icons</Filter>
    </Image>
    <Image Include="Bitmaps\About - Bullwinkle.bmp">
      <Filter>Resource Files\Bitmaps</Filter>
    </Image>
    <Image Include="Bitmaps\About - Illuminatus.bmp">
      <Filter>Resource Files\Bitmaps</Filter>
    </Image>
    <Image Include="Bitmaps\About - Inras.bmp">
      <Filter>Resource Files\Bitmaps</Filter>
    </Image>
    <Image Include="Bitmaps\About - Jack08.bmp">
      <Filter>Resource Files\Bitmaps</Filter>
    </Image>
    <Image Include="Bitmaps\About - Jack775544.bmp">
      <Filter>Resource Files\Bitmaps</Filter>
    </Image>
    <Image Include="Bitmaps\About - Ketraar.bmp">
      <Filter>Resource Files\Bitmaps</Filter>
    </Image>
    <Image Include="Bitmaps\About - LitCube.bmp">
      <Filter>Resource Files\Bitmaps</Filter>
    </Image>
    <Image Include="Bitmaps\About - MarkCondren.bmp">
      <Filter>Resource Files\Bitmaps</Filter>
    </Image>
    <Image Include="Bitmaps\About - RedEclipse.bmp">
      <Filter>Resource Files\Bitmaps</Filter>
    </Image>
    <Image Include="Bitmaps\About - s9ilent.bmp">
      <Filter>Resource Files\Bitmaps</Filter>
    </Image>
    <Image Include="Bitmaps\About - Unknown.bmp">
      <Filter>Resource Files\Bitmaps</Filter>
    </Image>
    <Image Include="Bitmaps\Button - Default.bmp">
      <Filter>Resource Files\Bitmaps</Filter>
    </Image>
    <Image Include="Bitmaps\Button - Hot.bmp">
      <Filter>Resource Files\Bitmaps</Filter>
    </Image>
    <Image Include="Bitmaps\CodeEdit - Squiggle.bmp">
      <Filter>Resource Files\Bitmaps</Filter>
    </Image>
    <Image Include="Bitmaps\Comment - Mask.bmp">
      <Filter>Resource Files\Bitmaps</Filter>
    </Image>
    <Image Include="Bitmaps\Dialog - Export Project.bmp">
      <Filter>Resource Files\Bitmaps</Filter>
    </Image>
    <Image Include="Bitmaps\Dialog - File Options.bmp">
      <Filter>Resource Files\Bitmaps</Filter>
    </Image>
    <Image Include="Bitmaps\Player - Background.bmp">
      <Filter>Resource Files\Bitmaps</Filter>
    </Image>
    <Image Include="Bitmaps\Player - Highlight.bmp">
      <Filter>Resource Files\Bitmaps</Filter>
    </Image>
    <Image Include="Bitmaps\Special - License.bmp">
      <Filter>Resource Files\Bitmaps</Filter>
    </Image>
    <Image Include="Bitmaps\Special - Panda.bmp">
      <Filter>Resource Files\Bitmaps</Filter>
    </Image>
    <Image Include="Bitmaps\Special - Splash.bmp">
      <Filter>Resource Files\Bitmaps</Filter>
    </Image>
    <Image Include="Bitmaps\Special - X-Universe.bmp">
      <Filter>Resource Files\Bitmaps</Filter>
    </Image>
    <Image Include="Bitmaps\Toolbar - File Dialog.bmp">
      <Filter>Resource Files\Bitmaps</Filter>
    </Image>
    <Image Include="Bitmaps\Toolbar - Main (Small).bmp">
      <Filter>Resource Files\Bitmaps</Filter>
    </Image>
    <Image Include="Bitmaps\Toolbar - Main.bmp">
      <Filter>Resource Files\Bitmaps</Filter>
    </Image>
    <Image Include="Bitmaps\Toolbar - Message Dialog.bmp">
      <Filter>Resource Files\Bitmaps</Filter>
    </Image>
    <Image Include="Bitmaps\Toolbar - Richtext Dialog.bmp">
      <Filter>Resource Files\Bitmaps</Filter>
    </Image>
    <Image Include="Bitmaps\Tutorial - File Options.bmp">
      <Filter>Resource Files\Bitmaps</Filter>
    </Image>
    <Image Include="Bitmaps\Tutorial - Game Data.bmp">
      <Filter>Resource Files\Bitmaps</Filter>
    </Image>
    <Image Include="Bitmaps\Tutorial - Game Objects.bmp">
      <Filter>Resource Files\Bitmaps</Filter>
    </Image>
    <Image Include="Bitmaps\Tutorial - Open File.bmp">
      <Filter>Resource Files\Bitmaps</Filter>
    </Image>
    <Image Include="Bitmaps\Tutorial - Projects.bmp">
      <Filter>Resource Files\Bitmaps</Filter>
    </Image>
    <Image Include="Bitmaps\Tutorial - Script Commands.bmp">
      <Filter>Resource Files\Bitmaps</Filter>
    </Image>
    <Image Include="Bitmaps\Tutorial - Script Editor.bmp">
      <Filter>Resource Files\Bitmaps</Filter>
    </Image>
    <Image Include="Bitmaps\Tutorial - Script Objects.bmp">
      <Filter>Resource Files\Bitmaps</Filter>
    </Image>
  </ItemGroup>
  <ItemGroup>
    <Text Include="Data\Command Syntax.txt">
      <Filter>Resource Files\Data Files</Filter>
    </Text>
  </ItemGroup>
  <ItemGroup>
    <Xml Include="Data\Description Variables.xml">
      <Filter>Resource Files\Data Files</Filter>
    </Xml>
    <Xml Include="Data\Object Descriptions.xml">
      <Filter>Resource Files\Data Files</Filter>
    </Xml>
  </ItemGroup>
  <ItemGroup>
    <Font Include="Data\Segoe UI Bold.ttf">
      <Filter>Resource Files\Data Files</Filter>
    </Font>
    <Font Include="Data\Segoe UI Light.ttf">
      <Filter>Resource Files\Data Files</Filter>
    </Font>
  </ItemGroup>
</Project>