<?xml version="1.0" encoding="utf-8"?>
<Project ToolsVersion="4.0" xmlns="http://schemas.microsoft.com/developer/msbuild/2003">
  <ItemGroup>
    <Filter Include="Source Files">
      <UniqueIdentifier>{4FC737F1-C7A5-4376-A066-2A32D752A2FF}</UniqueIdentifier>
      <Extensions>cpp;c;cc;cxx;def;odl;idl;hpj;bat;asm;asmx</Extensions>
    </Filter>
    <Filter Include="Header Files">
      <UniqueIdentifier>{93995380-89BD-4b04-88EB-625FBE52EBFB}</UniqueIdentifier>
      <Extensions>h;hpp;hxx;hm;inl;inc;xsd</Extensions>
    </Filter>
    <Filter Include="Resource Files">
      <UniqueIdentifier>{67DA6AB6-F800-4c08-8B7A-83BB121AAD01}</UniqueIdentifier>
      <Extensions>rc;ico;cur;bmp;dlg;rc2;rct;bin;rgs;gif;jpg;jpeg;jpe;resx;tiff;tif;png;wav</Extensions>
    </Filter>
  </ItemGroup>
  <ItemGroup>
    <ClCompile Include="Application.cpp">
      <Filter>Source Files</Filter>
    </ClCompile>
    <ClCompile Include="Automatic Update.cpp">
      <Filter>Source Files</Filter>
    </ClCompile>
    <ClCompile Include="Binary Tree Functors.cpp">
      <Filter>Source Files</Filter>
    </ClCompile>
    <ClCompile Include="Binary Tree Operations.cpp">
      <Filter>Source Files</Filter>
    </ClCompile>
    <ClCompile Include="Bug Reports.cpp">
      <Filter>Source Files</Filter>
    </ClCompile>
    <ClCompile Include="Call Stacks.cpp">
      <Filter>Source Files</Filter>
    </ClCompile>
    <ClCompile Include="Code Objects.cpp">
      <Filter>Source Files</Filter>
    </ClCompile>
    <ClCompile Include="Colour Schemes.cpp">
      <Filter>Source Files</Filter>
    </ClCompile>
    <ClCompile Include="Command Parameter Array.cpp">
      <Filter>Source Files</Filter>
    </ClCompile>
    <ClCompile Include="Command Parameters.cpp">
      <Filter>Source Files</Filter>
    </ClCompile>
    <ClCompile Include="Command Syntax.cpp">
      <Filter>Source Files</Filter>
    </ClCompile>
    <ClCompile Include="Commands (Macros).cpp">
      <Filter>Source Files</Filter>
    </ClCompile>
    <ClCompile Include="Commands.cpp">
      <Filter>Source Files</Filter>
    </ClCompile>
    <ClCompile Include="Console.cpp">
      <Filter>Source Files</Filter>
    </ClCompile>
    <ClCompile Include="Debugging.cpp">
      <Filter>Source Files</Filter>
    </ClCompile>
    <ClCompile Include="Error Messages.cpp">
      <Filter>Source Files</Filter>
    </ClCompile>
    <ClCompile Include="Error Queues.cpp">
      <Filter>Source Files</Filter>
    </ClCompile>
    <ClCompile Include="Error Stacks.cpp">
      <Filter>Source Files</Filter>
    </ClCompile>
    <ClCompile Include="Game Data.cpp">
      <Filter>Source Files</Filter>
    </ClCompile>
    <ClCompile Include="Game Files.cpp">
      <Filter>Source Files</Filter>
    </ClCompile>
    <ClCompile Include="Game Object Properties.cpp">
      <Filter>Source Files</Filter>
    </ClCompile>
    <ClCompile Include="Game Objects.cpp">
      <Filter>Source Files</Filter>
    </ClCompile>
    <ClCompile Include="Game String Trees.cpp">
      <Filter>Source Files</Filter>
    </ClCompile>
    <ClCompile Include="Game Strings.cpp">
      <Filter>Source Files</Filter>
    </ClCompile>
    <ClCompile Include="ImageTree.cpp">
      <Filter>Source Files</Filter>
    </ClCompile>
    <ClCompile Include="Language Button Tree.cpp">
      <Filter>Source Files</Filter>
    </ClCompile>
    <ClCompile Include="Language Files.cpp">
      <Filter>Source Files</Filter>
    </ClCompile>
    <ClCompile Include="MainLib.cpp">
      <Filter>Source Files</Filter>
    </ClCompile>
    <ClCompile Include="Media Items.cpp">
      <Filter>Source Files</Filter>
    </ClCompile>
    <ClCompile Include="Object Descriptions.cpp">
      <Filter>Source Files</Filter>
    </ClCompile>
    <ClCompile Include="Operation Data.cpp">
      <Filter>Source Files</Filter>
    </ClCompile>
    <ClCompile Include="Operation Progress.cpp">
      <Filter>Source Files</Filter>
    </ClCompile>
    <ClCompile Include="Operators.cpp">
      <Filter>Source Files</Filter>
    </ClCompile>
    <ClCompile Include="Preferences.cpp">
      <Filter>Source Files</Filter>
    </ClCompile>
    <ClCompile Include="Project File.cpp">
      <Filter>Source Files</Filter>
    </ClCompile>
    <ClCompile Include="Project Variables Tree.cpp">
      <Filter>Source Files</Filter>
    </ClCompile>
    <ClCompile Include="Return Objects.cpp">
      <Filter>Source Files</Filter>
    </ClCompile>
    <ClCompile Include="Rich Text (Types).cpp">
      <Filter>Source Files</Filter>
    </ClCompile>
    <ClCompile Include="Rich Text.cpp">
      <Filter>Source Files</Filter>
    </ClCompile>
    <ClCompile Include="Scratch Pad.cpp">
      <Filter>Source Files</Filter>
    </ClCompile>
    <ClCompile Include="Script Arguments.cpp">
      <Filter>Source Files</Filter>
    </ClCompile>
    <ClCompile Include="Script Conversion.cpp">
      <Filter>Source Files</Filter>
    </ClCompile>
    <ClCompile Include="Script Dependency Tree.cpp">
      <Filter>Source Files</Filter>
    </ClCompile>
    <ClCompile Include="Script Files.cpp">
      <Filter>Source Files</Filter>
    </ClCompile>
    <ClCompile Include="Script Generation (Base).cpp">
      <Filter>Source Files</Filter>
    </ClCompile>
    <ClCompile Include="Script Generation (Jumps).cpp">
      <Filter>Source Files</Filter>
    </ClCompile>
    <ClCompile Include="Script Generation (XML).cpp">
      <Filter>Source Files</Filter>
    </ClCompile>
    <ClCompile Include="Script Generation.cpp">
      <Filter>Source Files</Filter>
    </ClCompile>
    <ClCompile Include="Script Objects.cpp">
      <Filter>Source Files</Filter>
    </ClCompile>
    <ClCompile Include="Script Translation (Base).cpp">
      <Filter>Source Files</Filter>
    </ClCompile>
    <ClCompile Include="Script Translation (XML).cpp">
      <Filter>Source Files</Filter>
    </ClCompile>
    <ClCompile Include="Script Translation.cpp">
      <Filter>Source Files</Filter>
    </ClCompile>
    <ClCompile Include="Script Validation.cpp">
      <Filter>Source Files</Filter>
    </ClCompile>
    <ClCompile Include="stdafx.cpp">
      <Filter>Source Files</Filter>
    </ClCompile>
    <ClCompile Include="String Conversion (old).cpp">
      <Filter>Source Files</Filter>
    </ClCompile>
    <ClCompile Include="String Conversion.cpp">
      <Filter>Source Files</Filter>
    </ClCompile>
    <ClCompile Include="String Dependency Tree.cpp">
      <Filter>Source Files</Filter>
    </ClCompile>
    <ClCompile Include="Text Stream.cpp">
      <Filter>Source Files</Filter>
    </ClCompile>
    <ClCompile Include="Trees (Advanced).cpp">
      <Filter>Source Files</Filter>
    </ClCompile>
    <ClCompile Include="Trees.cpp">
      <Filter>Source Files</Filter>
    </ClCompile>
    <ClCompile Include="Variable Dependency Tree.cpp">
      <Filter>Source Files</Filter>
    </ClCompile>
    <ClCompile Include="Variable Names Tree.cpp">
      <Filter>Source Files</Filter>
    </ClCompile>
    <ClCompile Include="Virtual File System (Base).cpp">
      <Filter>Source Files</Filter>
    </ClCompile>
    <ClCompile Include="Virtual File System.cpp">
      <Filter>Source Files</Filter>
    </ClCompile>
    <ClCompile Include="Virtual Files.cpp">
      <Filter>Source Files</Filter>
    </ClCompile>
    <ClCompile Include="XML Generator.cpp">
      <Filter>Source Files</Filter>
    </ClCompile>
    <ClCompile Include="XML Parser.cpp">
      <Filter>Source Files</Filter>
    </ClCompile>
  </ItemGroup>
  <ItemGroup>
    <ClInclude Include="BearScript Lib.h">
      <Filter>Header Files</Filter>
    </ClInclude>
    <ClInclude Include="..\Build Rules.h">
      <Filter>Header Files</Filter>
    </ClInclude>
    <ClInclude Include="..\Messages.h">
      <Filter>Header Files</Filter>
    </ClInclude>
    <ClInclude Include="resource.h">
      <Filter>Header Files</Filter>
    </ClInclude>
    <ClInclude Include="RichText Macros.h">
      <Filter>Header Files</Filter>
    </ClInclude>
    <ClInclude Include="stdafx.h">
      <Filter>Header Files</Filter>
    </ClInclude>
    <ClInclude Include="..\Test Cases.h">
      <Filter>Header Files</Filter>
    </ClInclude>
    <ClInclude Include="Types.h">
      <Filter>Header Files</Filter>
    </ClInclude>
  </ItemGroup>
  <ItemGroup>
    <ResourceCompile Include="BearScriptLib.rc">
      <Filter>Resource Files</Filter>
    </ResourceCompile>
  </ItemGroup>
</Project>