<?xml version="1.0" encoding="utf-8"?>
<Project ToolsVersion="4.0" xmlns="http://schemas.microsoft.com/developer/msbuild/2003">
  <ItemGroup>
    <Filter Include="Source Files">
      <UniqueIdentifier>{4FC737F1-C7A5-4376-A066-2A32D752A2FF}</UniqueIdentifier>
      <Extensions>cpp;c;cc;cxx;def;odl;idl;hpj;bat;asm;asmx</Extensions>
    </Filter>
    <Filter Include="Header Files">
      <UniqueIdentifier>{93995380-89BD-4b04-88EB-625FBE52EBFB}</UniqueIdentifier>
      <Extensions>h;hpp;hxx;hm;inl;inc;xsd</Extensions>
    </Filter>
    <Filter Include="Resource Files">
      <UniqueIdentifier>{67DA6AB6-F800-4c08-8B7A-83BB121AAD01}</UniqueIdentifier>
      <Extensions>rc;ico;cur;bmp;dlg;rc2;rct;bin;rgs;gif;jpg;jpeg;jpe;resx;tiff;tif;png;wav</Extensions>
    </Filter>
  </ItemGroup>
  <ItemGroup>
    <ClCompile Include="Application.c">
      <Filter>Source Files</Filter>
    </ClCompile>
    <ClCompile Include="Automatic Update.c">
      <Filter>Source Files</Filter>
    </ClCompile>
    <ClCompile Include="Binary Tree Functors.c">
      <Filter>Source Files</Filter>
    </ClCompile>
    <ClCompile Include="Binary Tree Operations.c">
      <Filter>Source Files</Filter>
    </ClCompile>
    <ClCompile Include="Bug Reports.c">
      <Filter>Source Files</Filter>
    </ClCompile>
    <ClCompile Include="Call Stacks.c">
      <Filter>Source Files</Filter>
    </ClCompile>
    <ClCompile Include="Code Objects.c">
      <Filter>Source Files</Filter>
    </ClCompile>
    <ClCompile Include="Colour Schemes.c">
      <Filter>Source Files</Filter>
    </ClCompile>
    <ClCompile Include="Command Parameter Array.c">
      <Filter>Source Files</Filter>
    </ClCompile>
    <ClCompile Include="Command Parameters.c">
      <Filter>Source Files</Filter>
    </ClCompile>
    <ClCompile Include="Command Syntax.c">
      <Filter>Source Files</Filter>
    </ClCompile>
    <ClCompile Include="Commands (Macros).c">
      <Filter>Source Files</Filter>
    </ClCompile>
    <ClCompile Include="Commands.c">
      <Filter>Source Files</Filter>
    </ClCompile>
    <ClCompile Include="Console.c">
      <Filter>Source Files</Filter>
    </ClCompile>
    <ClCompile Include="Debugging.c">
      <Filter>Source Files</Filter>
    </ClCompile>
    <ClCompile Include="Error Messages.c">
      <Filter>Source Files</Filter>
    </ClCompile>
    <ClCompile Include="Error Queues.c">
      <Filter>Source Files</Filter>
    </ClCompile>
    <ClCompile Include="Error Stacks.c">
      <Filter>Source Files</Filter>
    </ClCompile>
    <ClCompile Include="Game Data.c">
      <Filter>Source Files</Filter>
    </ClCompile>
    <ClCompile Include="Game Files.c">
      <Filter>Source Files</Filter>
    </ClCompile>
    <ClCompile Include="Game Object Properties.c">
      <Filter>Source Files</Filter>
    </ClCompile>
    <ClCompile Include="Game Objects.c">
      <Filter>Source Files</Filter>
    </ClCompile>
    <ClCompile Include="Game String Trees.c">
      <Filter>Source Files</Filter>
    </ClCompile>
    <ClCompile Include="Game Strings.c">
      <Filter>Source Files</Filter>
    </ClCompile>
    <ClCompile Include="ImageTree.c">
      <Filter>Source Files</Filter>
    </ClCompile>
    <ClCompile Include="Language Button Tree.c">
      <Filter>Source Files</Filter>
    </ClCompile>
    <ClCompile Include="Language Files.c">
      <Filter>Source Files</Filter>
    </ClCompile>
    <ClCompile Include="MainLib.c">
      <Filter>Source Files</Filter>
    </ClCompile>
    <ClCompile Include="Media Items.c">
      <Filter>Source Files</Filter>
    </ClCompile>
    <ClCompile Include="Object Descriptions.c">
      <Filter>Source Files</Filter>
    </ClCompile>
    <ClCompile Include="Operation Data.c">
      <Filter>Source Files</Filter>
    </ClCompile>
    <ClCompile Include="Operation Progress.c">
      <Filter>Source Files</Filter>
    </ClCompile>
    <ClCompile Include="Operators.c">
      <Filter>Source Files</Filter>
    </ClCompile>
    <ClCompile Include="Preferences.c">
      <Filter>Source Files</Filter>
    </ClCompile>
    <ClCompile Include="Project File.c">
      <Filter>Source Files</Filter>
    </ClCompile>
    <ClCompile Include="Project Variables Tree.c">
      <Filter>Source Files</Filter>
    </ClCompile>
    <ClCompile Include="Return Objects.c">
      <Filter>Source Files</Filter>
    </ClCompile>
    <ClCompile Include="Rich Text (Types).c">
      <Filter>Source Files</Filter>
    </ClCompile>
    <ClCompile Include="Rich Text.c">
      <Filter>Source Files</Filter>
    </ClCompile>
    <ClCompile Include="Scratch Pad.c">
      <Filter>Source Files</Filter>
    </ClCompile>
    <ClCompile Include="Script Arguments.c">
      <Filter>Source Files</Filter>
    </ClCompile>
    <ClCompile Include="Script Conversion.c">
      <Filter>Source Files</Filter>
    </ClCompile>
    <ClCompile Include="Script Dependency Tree.c">
      <Filter>Source Files</Filter>
    </ClCompile>
    <ClCompile Include="Script Files.c">
      <Filter>Source Files</Filter>
    </ClCompile>
    <ClCompile Include="Script Generation (Base).c">
      <Filter>Source Files</Filter>
    </ClCompile>
    <ClCompile Include="Script Generation (Jumps).c">
      <Filter>Source Files</Filter>
    </ClCompile>
    <ClCompile Include="Script Generation (XML).c">
      <Filter>Source Files</Filter>
    </ClCompile>
    <ClCompile Include="Script Generation.c">
      <Filter>Source Files</Filter>
    </ClCompile>
    <ClCompile Include="Script Objects.c">
      <Filter>Source Files</Filter>
    </ClCompile>
    <ClCompile Include="Script Translation (Base).c">
      <Filter>Source Files</Filter>
    </ClCompile>
    <ClCompile Include="Script Translation (XML).c">
      <Filter>Source Files</Filter>
    </ClCompile>
    <ClCompile Include="Script Translation.c">
      <Filter>Source Files</Filter>
    </ClCompile>
    <ClCompile Include="Script Validation.c">
      <Filter>Source Files</Filter>
    </ClCompile>
    <ClCompile Include="stdafx.c">
      <Filter>Source Files</Filter>
    </ClCompile>
    <ClCompile Include="String Conversion (old).c">
      <Filter>Source Files</Filter>
    </ClCompile>
    <ClCompile Include="String Conversion.c">
      <Filter>Source Files</Filter>
    </ClCompile>
    <ClCompile Include="String Dependency Tree.c">
      <Filter>Source Files</Filter>
    </ClCompile>
    <ClCompile Include="Text Stream.c">
      <Filter>Source Files</Filter>
    </ClCompile>
    <ClCompile Include="Trees (Advanced).c">
      <Filter>Source Files</Filter>
    </ClCompile>
    <ClCompile Include="Trees.c">
      <Filter>Source Files</Filter>
    </ClCompile>
    <ClCompile Include="Variable Dependency Tree.c">
      <Filter>Source Files</Filter>
    </ClCompile>
    <ClCompile Include="Variable Names Tree.c">
      <Filter>Source Files</Filter>
    </ClCompile>
    <ClCompile Include="Virtual File System (Base).c">
      <Filter>Source Files</Filter>
    </ClCompile>
    <ClCompile Include="Virtual File System.c">
      <Filter>Source Files</Filter>
    </ClCompile>
    <ClCompile Include="Virtual Files.c">
      <Filter>Source Files</Filter>
    </ClCompile>
    <ClCompile Include="XML Generator.c">
      <Filter>Source Files</Filter>
    </ClCompile>
    <ClCompile Include="XML Parser.c">
      <Filter>Source Files</Filter>
    </ClCompile>
  </ItemGroup>
  <ItemGroup>
    <ClInclude Include="BearScript Lib.h">
      <Filter>Header Files</Filter>
    </ClInclude>
    <ClInclude Include="..\Build Rules.h">
      <Filter>Header Files</Filter>
    </ClInclude>
    <ClInclude Include="..\Messages.h">
      <Filter>Header Files</Filter>
    </ClInclude>
    <ClInclude Include="resource.h">
      <Filter>Header Files</Filter>
    </ClInclude>
    <ClInclude Include="RichText Macros.h">
      <Filter>Header Files</Filter>
    </ClInclude>
    <ClInclude Include="stdafx.h">
      <Filter>Header Files</Filter>
    </ClInclude>
    <ClInclude Include="..\Test Cases.h">
      <Filter>Header Files</Filter>
    </ClInclude>
    <ClInclude Include="Types.h">
      <Filter>Header Files</Filter>
    </ClInclude>
  </ItemGroup>
  <ItemGroup>
    <ResourceCompile Include="BearScriptLib.rc">
      <Filter>Resource Files</Filter>
    </ResourceCompile>
  </ItemGroup>
</Project>