<?xml version="1.0" encoding="utf-8"?>
<Project ToolsVersion="4.0" xmlns="http://schemas.microsoft.com/developer/msbuild/2003">
  <ItemGroup>
    <Filter Include="Source Files">
      <UniqueIdentifier>{4FC737F1-C7A5-4376-A066-2A32D752A2FF}</UniqueIdentifier>
      <Extensions>cpp;c;cc;cxx;def;odl;idl;hpj;bat;asm;asmx</Extensions>
    </Filter>
    <Filter Include="Header Files">
      <UniqueIdentifier>{93995380-89BD-4b04-88EB-625FBE52EBFB}</UniqueIdentifier>
      <Extensions>h;hpp;hxx;hm;inl;inc;xsd</Extensions>
    </Filter>
    <Filter Include="Resource Files">
      <UniqueIdentifier>{67DA6AB6-F800-4c08-8B7A-83BB121AAD01}</UniqueIdentifier>
      <Extensions>rc;ico;cur;bmp;dlg;rc2;rct;bin;rgs;gif;jpg;jpeg;jpe;resx;tiff;tif;png;wav</Extensions>
    </Filter>
  </ItemGroup>
  <ItemGroup>
    <ClCompile Include="CodeEdit Control (Advanced).cpp">
      <Filter>Source Files</Filter>
    </ClCompile>
    <ClCompile Include="CodeEdit Control (Base).cpp">
      <Filter>Source Files</Filter>
    </ClCompile>
    <ClCompile Include="CodeEdit Control (Data).cpp">
      <Filter>Source Files</Filter>
    </ClCompile>
    <ClCompile Include="CodeEdit Control (Indentation).cpp">
      <Filter>Source Files</Filter>
    </ClCompile>
    <ClCompile Include="CodeEdit Control (Iterator).cpp">
      <Filter>Source Files</Filter>
    </ClCompile>
    <ClCompile Include="CodeEdit Control (Suggestions).cpp">
      <Filter>Source Files</Filter>
    </ClCompile>
    <ClCompile Include="CodeEdit Control (Text).cpp">
      <Filter>Source Files</Filter>
    </ClCompile>
    <ClCompile Include="CodeEdit Control (Undo).cpp">
      <Filter>Source Files</Filter>
    </ClCompile>
    <ClCompile Include="CodeEdit Control (Window).cpp">
      <Filter>Source Files</Filter>
    </ClCompile>
    <ClCompile Include="CommentRatio Control.cpp">
      <Filter>Source Files</Filter>
    </ClCompile>
    <ClCompile Include="Custom Button.cpp">
      <Filter>Source Files</Filter>
    </ClCompile>
    <ClCompile Include="Custom ComboBox.cpp">
      <Filter>Source Files</Filter>
    </ClCompile>
    <ClCompile Include="Custom Drawing.cpp">
      <Filter>Source Files</Filter>
    </ClCompile>
    <ClCompile Include="Custom Edit.cpp">
      <Filter>Source Files</Filter>
    </ClCompile>
    <ClCompile Include="Custom ListView.cpp">
      <Filter>Source Files</Filter>
    </ClCompile>
    <ClCompile Include="Custom Menus.cpp">
      <Filter>Source Files</Filter>
    </ClCompile>
    <ClCompile Include="Custom RichEdit.cpp">
      <Filter>Source Files</Filter>
    </ClCompile>
    <ClCompile Include="Custom Static.cpp">
      <Filter>Source Files</Filter>
    </ClCompile>
    <ClCompile Include="Custom Tooltips.cpp">
      <Filter>Source Files</Filter>
    </ClCompile>
    <ClCompile Include="Debugging.cpp">
      <Filter>Source Files</Filter>
    </ClCompile>
    <ClCompile Include="Grouped ListView Control.cpp">
      <Filter>Source Files</Filter>
    </ClCompile>
    <ClCompile Include="MainCtrls.cpp">
      <Filter>Source Files</Filter>
    </ClCompile>
    <ClCompile Include="Rich Edit OLE.cpp">
      <Filter>Source Files</Filter>
    </ClCompile>
    <ClCompile Include="Rich Text (Drawing).cpp">
      <Filter>Source Files</Filter>
    </ClCompile>
    <ClCompile Include="Scribble Pad.cpp">
      <Filter>Source Files</Filter>
    </ClCompile>
    <ClCompile Include="stdafx.cpp">
      <Filter>Source Files</Filter>
    </ClCompile>
    <ClCompile Include="Workspace.cpp">
      <Filter>Source Files</Filter>
    </ClCompile>
  </ItemGroup>
  <ItemGroup>
    <ClInclude Include="BearScript Controls.h">
      <Filter>Header Files</Filter>
    </ClInclude>
    <ClInclude Include="..\Build Rules.h">
      <Filter>Header Files</Filter>
    </ClInclude>
    <ClInclude Include="..\Messages.h">
      <Filter>Header Files</Filter>
    </ClInclude>
    <ClInclude Include="resource.h">
      <Filter>Header Files</Filter>
    </ClInclude>
    <ClInclude Include="stdafx.h">
      <Filter>Header Files</Filter>
    </ClInclude>
    <ClInclude Include="..\Test Cases.h">
      <Filter>Header Files</Filter>
    </ClInclude>
    <ClInclude Include="Types.h">
      <Filter>Header Files</Filter>
    </ClInclude>
  </ItemGroup>
  <ItemGroup>
    <ResourceCompile Include="BearScriptCtrls.rc">
      <Filter>Resource Files</Filter>
    </ResourceCompile>
  </ItemGroup>
</Project>