<?xml version="1.0" encoding="utf-8"?>
<Project ToolsVersion="4.0" xmlns="http://schemas.microsoft.com/developer/msbuild/2003">
  <ItemGroup>
    <Filter Include="Source Files">
      <UniqueIdentifier>{4FC737F1-C7A5-4376-A066-2A32D752A2FF}</UniqueIdentifier>
      <Extensions>cpp;c;cc;cxx;def;odl;idl;hpj;bat;asm;asmx</Extensions>
    </Filter>
    <Filter Include="Header Files">
      <UniqueIdentifier>{93995380-89BD-4b04-88EB-625FBE52EBFB}</UniqueIdentifier>
      <Extensions>h;hpp;hxx;hm;inl;inc;xsd</Extensions>
    </Filter>
    <Filter Include="Resource Files">
      <UniqueIdentifier>{67DA6AB6-F800-4c08-8B7A-83BB121AAD01}</UniqueIdentifier>
      <Extensions>rc;ico;cur;bmp;dlg;rc2;rct;bin;rgs;gif;jpg;jpeg;jpe;resx;tiff;tif;png;wav</Extensions>
    </Filter>
    <Filter Include="Testing Files">
      <UniqueIdentifier>{2c2421e8-cf6d-41ff-ad0a-67feb44d35a5}</UniqueIdentifier>
    </Filter>
  </ItemGroup>
  <ItemGroup>
    <ClCompile Include="About Dialog.cpp">
      <Filter>Source Files</Filter>
    </ClCompile>
    <ClCompile Include="Bug Report Dialog.cpp">
      <Filter>Source Files</Filter>
    </ClCompile>
    <ClCompile Include="Correction Dialog.cpp">
      <Filter>Source Files</Filter>
    </ClCompile>
    <ClCompile Include="Debugging.cpp">
      <Filter>Source Files</Filter>
    </ClCompile>
    <ClCompile Include="Dependency Dialog.cpp">
      <Filter>Source Files</Filter>
    </ClCompile>
    <ClCompile Include="Document.cpp">
      <Filter>Source Files</Filter>
    </ClCompile>
    <ClCompile Include="Documents Control.cpp">
      <Filter>Source Files</Filter>
    </ClCompile>
    <ClCompile Include="Export Project Dialog.cpp">
      <Filter>Source Files</Filter>
    </ClCompile>
    <ClCompile Include="File Dialog (Base).cpp">
      <Filter>Source Files</Filter>
    </ClCompile>
    <ClCompile Include="File Dialog (Logic).cpp">
      <Filter>Source Files</Filter>
    </ClCompile>
    <ClCompile Include="File Dialog (Suggestions).cpp">
      <Filter>Source Files</Filter>
    </ClCompile>
    <ClCompile Include="File Dialog (UI).cpp">
      <Filter>Source Files</Filter>
    </ClCompile>
    <ClCompile Include="File Options Dialog.cpp">
      <Filter>Source Files</Filter>
    </ClCompile>
    <ClCompile Include="Find Text Dialog.cpp">
      <Filter>Source Files</Filter>
    </ClCompile>
    <ClCompile Include="First Run Dialog.cpp">
      <Filter>Source Files</Filter>
    </ClCompile>
    <ClCompile Include="Game Version Dialog.cpp">
      <Filter>Source Files</Filter>
    </ClCompile>
    <ClCompile Include="Insert Argument Dialog.cpp">
      <Filter>Source Files</Filter>
    </ClCompile>
    <ClCompile Include="Insert Document Dialog.cpp">
      <Filter>Source Files</Filter>
    </ClCompile>
    <ClCompile Include="Insert Page Dialog.cpp">
      <Filter>Source Files</Filter>
    </ClCompile>
    <ClCompile Include="Insert String Dialog.cpp">
      <Filter>Source Files</Filter>
    </ClCompile>
    <ClCompile Include="Insert Variable Dialog.cpp">
      <Filter>Source Files</Filter>
    </ClCompile>
    <ClCompile Include="Language Document (UI).cpp">
      <Filter>Source Files</Filter>
    </ClCompile>
    <ClCompile Include="Language Document.cpp">
      <Filter>Source Files</Filter>
    </ClCompile>
    <ClCompile Include="Localisation.cpp">
      <Filter>Source Files</Filter>
    </ClCompile>
    <ClCompile Include="Main Window (Base).cpp">
      <Filter>Source Files</Filter>
    </ClCompile>
    <ClCompile Include="Main Window (Menu).cpp">
      <Filter>Source Files</Filter>
    </ClCompile>
    <ClCompile Include="Main Window (Testing).cpp">
      <Filter>Source Files</Filter>
    </ClCompile>
    <ClCompile Include="Main Window (UI).cpp">
      <Filter>Source Files</Filter>
    </ClCompile>
    <ClCompile Include="Main.cpp">
      <Filter>Source Files</Filter>
    </ClCompile>
    <ClCompile Include="Media Document.cpp">
      <Filter>Source Files</Filter>
    </ClCompile>
    <ClCompile Include="Media Player Dialog.cpp">
      <Filter>Source Files</Filter>
    </ClCompile>
    <ClCompile Include="Message Dialog.cpp">
      <Filter>Source Files</Filter>
    </ClCompile>
    <ClCompile Include="Messages.cpp">
      <Filter>Source Files</Filter>
    </ClCompile>
    <ClCompile Include="Modal Window Stack.cpp">
      <Filter>Source Files</Filter>
    </ClCompile>
    <ClCompile Include="Operation Pool.cpp">
      <Filter>Source Files</Filter>
    </ClCompile>
    <ClCompile Include="Output Dialog.cpp">
      <Filter>Source Files</Filter>
    </ClCompile>
    <ClCompile Include="Preferences Dialog (Base).cpp">
      <Filter>Source Files</Filter>
    </ClCompile>
    <ClCompile Include="Preferences Dialog (UI).cpp">
      <Filter>Source Files</Filter>
    </ClCompile>
    <ClCompile Include="Progress Dialog.cpp">
      <Filter>Source Files</Filter>
    </ClCompile>
    <ClCompile Include="Project Dialog.cpp">
      <Filter>Source Files</Filter>
    </ClCompile>
    <ClCompile Include="Project Document.cpp">
      <Filter>Source Files</Filter>
    </ClCompile>
    <ClCompile Include="Project Variables Dialog.cpp">
      <Filter>Source Files</Filter>
    </ClCompile>
    <ClCompile Include="Properites Dialog Special.cpp">
      <Filter>Source Files</Filter>
    </ClCompile>
    <ClCompile Include="Properties Dialog (Base).cpp">
      <Filter>Source Files</Filter>
    </ClCompile>
    <ClCompile Include="Properties Dialog (Language).cpp">
      <Filter>Source Files</Filter>
    </ClCompile>
    <ClCompile Include="Properties Dialog (Script).cpp">
      <Filter>Source Files</Filter>
    </ClCompile>
    <ClCompile Include="Properties Dialog Arguments.cpp">
      <Filter>Source Files</Filter>
    </ClCompile>
    <ClCompile Include="Properties Dialog Buttons.cpp">
      <Filter>Source Files</Filter>
    </ClCompile>
    <ClCompile Include="Properties Dialog Columns.cpp">
      <Filter>Source Files</Filter>
    </ClCompile>
    <ClCompile Include="Properties Dialog Dependencies.cpp">
      <Filter>Source Files</Filter>
    </ClCompile>
    <ClCompile Include="Results Dialog.cpp">
      <Filter>Source Files</Filter>
    </ClCompile>
    <ClCompile Include="Rich Text Dialog.cpp">
      <Filter>Source Files</Filter>
    </ClCompile>
    <ClCompile Include="Scratch Pad.cpp">
      <Filter>Source Files</Filter>
    </ClCompile>
    <ClCompile Include="Script Document.cpp">
      <Filter>Source Files</Filter>
    </ClCompile>
    <ClCompile Include="Search Dialog.cpp">
      <Filter>Source Files</Filter>
    </ClCompile>
    <ClCompile Include="SourceText Dialog.cpp">
      <Filter>Source Files</Filter>
    </ClCompile>
    <ClCompile Include="Splash Window.cpp">
      <Filter>Source Files</Filter>
    </ClCompile>
    <ClCompile Include="stdafx.cpp">
      <Filter>Source Files</Filter>
    </ClCompile>
    <ClCompile Include="Test Cases.cpp">
      <Filter>Source Files</Filter>
    </ClCompile>
    <ClCompile Include="Testing.cpp">
      <Filter>Source Files</Filter>
    </ClCompile>
    <ClCompile Include="Tooltip Windows.cpp">
      <Filter>Source Files</Filter>
    </ClCompile>
    <ClCompile Include="Tutorial Dialog.cpp">
      <Filter>Source Files</Filter>
    </ClCompile>
    <ClCompile Include="Update Dialog.cpp">
      <Filter>Source Files</Filter>
    </ClCompile>
    <ClCompile Include="XZip.cpp">
      <Filter>Source Files</Filter>
    </ClCompile>
  </ItemGroup>
  <ItemGroup>
    <ClInclude Include="BearScript UI.h">
      <Filter>Header Files</Filter>
    </ClInclude>
    <ClInclude Include="..\Build Rules.h">
      <Filter>Header Files</Filter>
    </ClInclude>
    <ClInclude Include="..\Messages.h">
      <Filter>Header Files</Filter>
    </ClInclude>
    <ClInclude Include="resource.h">
      <Filter>Header Files</Filter>
    </ClInclude>
    <ClInclude Include="stdafx.h">
      <Filter>Header Files</Filter>
    </ClInclude>
    <ClInclude Include="..\Test Cases.h">
      <Filter>Header Files</Filter>
    </ClInclude>
    <ClInclude Include="Types.h">
      <Filter>Header Files</Filter>
    </ClInclude>
    <ClInclude Include="XZip.h">
      <Filter>Header Files</Filter>
    </ClInclude>
  </ItemGroup>
  <ItemGroup>
    <ResourceCompile Include="BearScriptUI.rc">
      <Filter>Resource Files</Filter>
    </ResourceCompile>
  </ItemGroup>
</Project>