<?xml version="1.0" encoding="utf-8"?>
<Project ToolsVersion="4.0" xmlns="http://schemas.microsoft.com/developer/msbuild/2003">
  <ItemGroup>
    <Filter Include="Source Files">
      <UniqueIdentifier>{4FC737F1-C7A5-4376-A066-2A32D752A2FF}</UniqueIdentifier>
      <Extensions>cpp;c;cc;cxx;def;odl;idl;hpj;bat;asm;asmx</Extensions>
    </Filter>
    <Filter Include="Header Files">
      <UniqueIdentifier>{93995380-89BD-4b04-88EB-625FBE52EBFB}</UniqueIdentifier>
      <Extensions>h;hpp;hxx;hm;inl;inc;xsd</Extensions>
    </Filter>
    <Filter Include="Resource Files">
      <UniqueIdentifier>{67DA6AB6-F800-4c08-8B7A-83BB121AAD01}</UniqueIdentifier>
      <Extensions>rc;ico;cur;bmp;dlg;rc2;rct;bin;rgs;gif;jpg;jpeg;jpe;resx;tiff;tif;png;wav</Extensions>
    </Filter>
    <Filter Include="Testing Files">
      <UniqueIdentifier>{2c2421e8-cf6d-41ff-ad0a-67feb44d35a5}</UniqueIdentifier>
    </Filter>
  </ItemGroup>
  <ItemGroup>
    <ClCompile Include="About Dialog.c">
      <Filter>Source Files</Filter>
    </ClCompile>
    <ClCompile Include="Bug Report Dialog.c">
      <Filter>Source Files</Filter>
    </ClCompile>
    <ClCompile Include="Correction Dialog.c">
      <Filter>Source Files</Filter>
    </ClCompile>
    <ClCompile Include="Debugging.c">
      <Filter>Source Files</Filter>
    </ClCompile>
    <ClCompile Include="Dependency Dialog.c">
      <Filter>Source Files</Filter>
    </ClCompile>
    <ClCompile Include="Document.c">
      <Filter>Source Files</Filter>
    </ClCompile>
    <ClCompile Include="Documents Control.c">
      <Filter>Source Files</Filter>
    </ClCompile>
    <ClCompile Include="Export Project Dialog.c">
      <Filter>Source Files</Filter>
    </ClCompile>
    <ClCompile Include="File Dialog (Base).c">
      <Filter>Source Files</Filter>
    </ClCompile>
    <ClCompile Include="File Dialog (Logic).c">
      <Filter>Source Files</Filter>
    </ClCompile>
    <ClCompile Include="File Dialog (Suggestions).c">
      <Filter>Source Files</Filter>
    </ClCompile>
    <ClCompile Include="File Dialog (UI).c">
      <Filter>Source Files</Filter>
    </ClCompile>
    <ClCompile Include="File Options Dialog.c">
      <Filter>Source Files</Filter>
    </ClCompile>
    <ClCompile Include="Find Text Dialog.c">
      <Filter>Source Files</Filter>
    </ClCompile>
    <ClCompile Include="First Run Dialog.c">
      <Filter>Source Files</Filter>
    </ClCompile>
    <ClCompile Include="Game Version Dialog.c">
      <Filter>Source Files</Filter>
    </ClCompile>
    <ClCompile Include="Insert Argument Dialog.c">
      <Filter>Source Files</Filter>
    </ClCompile>
    <ClCompile Include="Insert Document Dialog.c">
      <Filter>Source Files</Filter>
    </ClCompile>
    <ClCompile Include="Insert Page Dialog.c">
      <Filter>Source Files</Filter>
    </ClCompile>
    <ClCompile Include="Insert String Dialog.c">
      <Filter>Source Files</Filter>
    </ClCompile>
    <ClCompile Include="Insert Variable Dialog.c">
      <Filter>Source Files</Filter>
    </ClCompile>
    <ClCompile Include="Language Document (UI).c">
      <Filter>Source Files</Filter>
    </ClCompile>
    <ClCompile Include="Language Document.c">
      <Filter>Source Files</Filter>
    </ClCompile>
    <ClCompile Include="Localisation.c">
      <Filter>Source Files</Filter>
    </ClCompile>
    <ClCompile Include="Main Window (Base).c">
      <Filter>Source Files</Filter>
    </ClCompile>
    <ClCompile Include="Main Window (Menu).c">
      <Filter>Source Files</Filter>
    </ClCompile>
    <ClCompile Include="Main Window (Testing).c">
      <Filter>Source Files</Filter>
    </ClCompile>
    <ClCompile Include="Main Window (UI).c">
      <Filter>Source Files</Filter>
    </ClCompile>
    <ClCompile Include="Main.c">
      <Filter>Source Files</Filter>
    </ClCompile>
    <ClCompile Include="Media Document.c">
      <Filter>Source Files</Filter>
    </ClCompile>
    <ClCompile Include="Media Player Dialog.c">
      <Filter>Source Files</Filter>
    </ClCompile>
    <ClCompile Include="Message Dialog.c">
      <Filter>Source Files</Filter>
    </ClCompile>
    <ClCompile Include="Messages.c">
      <Filter>Source Files</Filter>
    </ClCompile>
    <ClCompile Include="Modal Window Stack.c">
      <Filter>Source Files</Filter>
    </ClCompile>
    <ClCompile Include="Operation Pool.c">
      <Filter>Source Files</Filter>
    </ClCompile>
    <ClCompile Include="Output Dialog.c">
      <Filter>Source Files</Filter>
    </ClCompile>
    <ClCompile Include="Preferences Dialog (Base).c">
      <Filter>Source Files</Filter>
    </ClCompile>
    <ClCompile Include="Preferences Dialog (UI).c">
      <Filter>Source Files</Filter>
    </ClCompile>
    <ClCompile Include="Progress Dialog.c">
      <Filter>Source Files</Filter>
    </ClCompile>
    <ClCompile Include="Project Dialog.c">
      <Filter>Source Files</Filter>
    </ClCompile>
    <ClCompile Include="Project Document.c">
      <Filter>Source Files</Filter>
    </ClCompile>
    <ClCompile Include="Project Variables Dialog.c">
      <Filter>Source Files</Filter>
    </ClCompile>
    <ClCompile Include="Properites Dialog Special.c">
      <Filter>Source Files</Filter>
    </ClCompile>
    <ClCompile Include="Properties Dialog (Base).c">
      <Filter>Source Files</Filter>
    </ClCompile>
    <ClCompile Include="Properties Dialog (Language).c">
      <Filter>Source Files</Filter>
    </ClCompile>
    <ClCompile Include="Properties Dialog (Script).c">
      <Filter>Source Files</Filter>
    </ClCompile>
    <ClCompile Include="Properties Dialog Arguments.c">
      <Filter>Source Files</Filter>
    </ClCompile>
    <ClCompile Include="Properties Dialog Buttons.c">
      <Filter>Source Files</Filter>
    </ClCompile>
    <ClCompile Include="Properties Dialog Columns.c">
      <Filter>Source Files</Filter>
    </ClCompile>
    <ClCompile Include="Properties Dialog Dependencies.c">
      <Filter>Source Files</Filter>
    </ClCompile>
    <ClCompile Include="Results Dialog.c">
      <Filter>Source Files</Filter>
    </ClCompile>
    <ClCompile Include="Rich Text Dialog.c">
      <Filter>Source Files</Filter>
    </ClCompile>
    <ClCompile Include="Scratch Pad.c">
      <Filter>Source Files</Filter>
    </ClCompile>
    <ClCompile Include="Script Document.c">
      <Filter>Source Files</Filter>
    </ClCompile>
    <ClCompile Include="Search Dialog.c">
      <Filter>Source Files</Filter>
    </ClCompile>
    <ClCompile Include="SourceText Dialog.c">
      <Filter>Source Files</Filter>
    </ClCompile>
    <ClCompile Include="Splash Window.c">
      <Filter>Source Files</Filter>
    </ClCompile>
    <ClCompile Include="stdafx.c">
      <Filter>Source Files</Filter>
    </ClCompile>
    <ClCompile Include="Test Cases.c">
      <Filter>Source Files</Filter>
    </ClCompile>
    <ClCompile Include="Testing.c">
      <Filter>Source Files</Filter>
    </ClCompile>
    <ClCompile Include="Tooltip Windows.c">
      <Filter>Source Files</Filter>
    </ClCompile>
    <ClCompile Include="Tutorial Dialog.c">
      <Filter>Source Files</Filter>
    </ClCompile>
    <ClCompile Include="Update Dialog.c">
      <Filter>Source Files</Filter>
    </ClCompile>
    <ClCompile Include="XZip.c">
      <Filter>Source Files</Filter>
    </ClCompile>
  </ItemGroup>
  <ItemGroup>
    <ClInclude Include="BearScript UI.h">
      <Filter>Header Files</Filter>
    </ClInclude>
    <ClInclude Include="..\Build Rules.h">
      <Filter>Header Files</Filter>
    </ClInclude>
    <ClInclude Include="..\Messages.h">
      <Filter>Header Files</Filter>
    </ClInclude>
    <ClInclude Include="resource.h">
      <Filter>Header Files</Filter>
    </ClInclude>
    <ClInclude Include="stdafx.h">
      <Filter>Header Files</Filter>
    </ClInclude>
    <ClInclude Include="..\Test Cases.h">
      <Filter>Header Files</Filter>
    </ClInclude>
    <ClInclude Include="Types.h">
      <Filter>Header Files</Filter>
    </ClInclude>
    <ClInclude Include="XZip.h">
      <Filter>Header Files</Filter>
    </ClInclude>
  </ItemGroup>
  <ItemGroup>
    <ResourceCompile Include="BearScriptUI.rc">
      <Filter>Resource Files</Filter>
    </ResourceCompile>
  </ItemGroup>
</Project>